
Microsoft Visual Studio Solution File, Format Version 12.00
# Visual Studio Version 17
VisualStudioVersion = 17.14.36127.28
MinimumVisualStudioVersion = 10.0.40219.1
Project("{8BC9CEB8-8B4A-11D0-8D11-00A0C91BC942}") = "2Box", "2Box\2Box.vcxproj", "{93B83060-2DA4-4A92-993A-3FEF556BEF1C}"
EndProject
Project("{8BC9CEB8-8B4A-11D0-8D11-00A0C91BC942}") = "MemoryDll", "MemoryDll\MemoryDll.vcxproj", "{9B1F363A-4917-4F28-8E03-2740C247D9A6}"
EndProject
Project("{8BC9CEB8-8B4A-11D0-8D11-00A0C91BC942}") = "BuildDllHelper", "BuildDllHelper\BuildDllHelper.vcxproj", "{A78EFBDE-DCA5-4EFD-8BF6-048B7722BF11}"
EndProject
Project("{8BC9CEB8-8B4A-11D0-8D11-00A0C91BC942}") = "common", "common\common.vcxproj", "{50FD867C-9CE7-4B59-923C-24C956E2181A}"
EndProject
Project("{2150E333-8FDC-42A3-9474-1A3956D46DE8}") = "Solution Items", "Solution Items", "{02EA681E-C7D8-13C7-8484-4AC65E1B71E8}"
	ProjectSection(SolutionItems) = preProject
		.editorconfig = .editorconfig
	EndProjectSection
EndProject
Project("{2150E333-8FDC-42A3-9474-1A3956D46DE8}") = "3rdparty", "3rdparty", "{7A21D300-6FC3-4311-ADF5-AD1CD8D7A3A4}"
EndProject
Project("{8BC9CEB8-8B4A-11D0-8D11-00A0C91BC942}") = "Detours", "3rdparty\Detours\vc\Detours.vcxproj", "{37489709-8054-4903-9C49-A79846049FC9}"
EndProject
Project("{8BC9CEB8-8B4A-11D0-8D11-00A0C91BC942}") = "BuildIDL", "BuildIDL\BuildIDL.vcxproj", "{79499C6B-3C24-478C-A0BD-07EB05789C8B}"
EndProject
Global
	GlobalSection(SolutionConfigurationPlatforms) = preSolution
		Debug|x64 = Debug|x64
		Debug|x86 = Debug|x86
		Release|x64 = Release|x64
		Release|x86 = Release|x86
	EndGlobalSection
	GlobalSection(ProjectConfigurationPlatforms) = postSolution
		{93B83060-2DA4-4A92-993A-3FEF556BEF1C}.Debug|x64.ActiveCfg = Debug|x64
		{93B83060-2DA4-4A92-993A-3FEF556BEF1C}.Debug|x64.Build.0 = Debug|x64
		{93B83060-2DA4-4A92-993A-3FEF556BEF1C}.Debug|x86.ActiveCfg = Debug|Win32
		{93B83060-2DA4-4A92-993A-3FEF556BEF1C}.Debug|x86.Build.0 = Debug|Win32
		{93B83060-2DA4-4A92-993A-3FEF556BEF1C}.Release|x64.ActiveCfg = Release|x64
		{93B83060-2DA4-4A92-993A-3FEF556BEF1C}.Release|x64.Build.0 = Release|x64
		{93B83060-2DA4-4A92-993A-3FEF556BEF1C}.Release|x86.ActiveCfg = Release|Win32
		{93B83060-2DA4-4A92-993A-3FEF556BEF1C}.Release|x86.Build.0 = Release|Win32
		{9B1F363A-4917-4F28-8E03-2740C247D9A6}.Debug|x64.ActiveCfg = Debug|x64
		{9B1F363A-4917-4F28-8E03-2740C247D9A6}.Debug|x64.Build.0 = Debug|x64
		{9B1F363A-4917-4F28-8E03-2740C247D9A6}.Debug|x86.ActiveCfg = Debug|Win32
		{9B1F363A-4917-4F28-8E03-2740C247D9A6}.Debug|x86.Build.0 = Debug|Win32
		{9B1F363A-4917-4F28-8E03-2740C247D9A6}.Release|x64.ActiveCfg = Release|x64
		{9B1F363A-4917-4F28-8E03-2740C247D9A6}.Release|x64.Build.0 = Release|x64
		{9B1F363A-4917-4F28-8E03-2740C247D9A6}.Release|x86.ActiveCfg = Release|Win32
		{9B1F363A-4917-4F28-8E03-2740C247D9A6}.Release|x86.Build.0 = Release|Win32
		{A78EFBDE-DCA5-4EFD-8BF6-048B7722BF11}.Debug|x64.ActiveCfg = Debug|Win32
		{A78EFBDE-DCA5-4EFD-8BF6-048B7722BF11}.Debug|x64.Build.0 = Debug|Win32
		{A78EFBDE-DCA5-4EFD-8BF6-048B7722BF11}.Debug|x86.ActiveCfg = Debug|x64
		{A78EFBDE-DCA5-4EFD-8BF6-048B7722BF11}.Debug|x86.Build.0 = Debug|x64
		{A78EFBDE-DCA5-4EFD-8BF6-048B7722BF11}.Release|x64.ActiveCfg = Release|Win32
		{A78EFBDE-DCA5-4EFD-8BF6-048B7722BF11}.Release|x64.Build.0 = Release|Win32
		{A78EFBDE-DCA5-4EFD-8BF6-048B7722BF11}.Release|x86.ActiveCfg = Release|x64
		{A78EFBDE-DCA5-4EFD-8BF6-048B7722BF11}.Release|x86.Build.0 = Release|x64
		{50FD867C-9CE7-4B59-923C-24C956E2181A}.Debug|x64.ActiveCfg = Debug|x64
		{50FD867C-9CE7-4B59-923C-24C956E2181A}.Debug|x64.Build.0 = Debug|x64
		{50FD867C-9CE7-4B59-923C-24C956E2181A}.Debug|x86.ActiveCfg = Debug|Win32
		{50FD867C-9CE7-4B59-923C-24C956E2181A}.Debug|x86.Build.0 = Debug|Win32
		{50FD867C-9CE7-4B59-923C-24C956E2181A}.Release|x64.ActiveCfg = Release|x64
		{50FD867C-9CE7-4B59-923C-24C956E2181A}.Release|x64.Build.0 = Release|x64
		{50FD867C-9CE7-4B59-923C-24C956E2181A}.Release|x86.ActiveCfg = Release|Win32
		{50FD867C-9CE7-4B59-923C-24C956E2181A}.Release|x86.Build.0 = Release|Win32
		{37489709-8054-4903-9C49-A79846049FC9}.Debug|x64.ActiveCfg = Debug|x64
		{37489709-8054-4903-9C49-A79846049FC9}.Debug|x64.Build.0 = Debug|x64
		{37489709-8054-4903-9C49-A79846049FC9}.Debug|x86.ActiveCfg = Debug|Win32
		{37489709-8054-4903-9C49-A79846049FC9}.Debug|x86.Build.0 = Debug|Win32
		{37489709-8054-4903-9C49-A79846049FC9}.Release|x64.ActiveCfg = Release|x64
		{37489709-8054-4903-9C49-A79846049FC9}.Release|x64.Build.0 = Release|x64
		{37489709-8054-4903-9C49-A79846049FC9}.Release|x86.ActiveCfg = Release|Win32
		{37489709-8054-4903-9C49-A79846049FC9}.Release|x86.Build.0 = Release|Win32
		{79499C6B-3C24-478C-A0BD-07EB05789C8B}.Debug|x64.ActiveCfg = Debug|x64
		{79499C6B-3C24-478C-A0BD-07EB05789C8B}.Debug|x64.Build.0 = Debug|x64
		{79499C6B-3C24-478C-A0BD-07EB05789C8B}.Debug|x86.ActiveCfg = Debug|Win32
		{79499C6B-3C24-478C-A0BD-07EB05789C8B}.Debug|x86.Build.0 = Debug|Win32
		{79499C6B-3C24-478C-A0BD-07EB05789C8B}.Release|x64.ActiveCfg = Release|x64
		{79499C6B-3C24-478C-A0BD-07EB05789C8B}.Release|x64.Build.0 = Release|x64
		{79499C6B-3C24-478C-A0BD-07EB05789C8B}.Release|x86.ActiveCfg = Release|Win32
		{79499C6B-3C24-478C-A0BD-07EB05789C8B}.Release|x86.Build.0 = Release|Win32
	EndGlobalSection
	GlobalSection(SolutionProperties) = preSolution
		HideSolutionNode = FALSE
	EndGlobalSection
	GlobalSection(NestedProjects) = preSolution
		{37489709-8054-4903-9C49-A79846049FC9} = {7A21D300-6FC3-4311-ADF5-AD1CD8D7A3A4}
	EndGlobalSection
	GlobalSection(ExtensibilityGlobals) = postSolution
		SolutionGuid = {43E0B4A6-E1D7-4F5C-9B8D-1508E29715B5}
	EndGlobalSection
EndGlobal
