<?xml version="1.0" encoding="utf-8"?>
<Project ToolsVersion="4.0" xmlns="http://schemas.microsoft.com/developer/msbuild/2003">
  <ItemGroup>
    <Filter Include="dynamic_win_api">
      <UniqueIdentifier>{9f35bda1-81fc-4046-a61b-600c25380c97}</UniqueIdentifier>
    </Filter>
    <Filter Include="header_units">
      <UniqueIdentifier>{1948dcc2-32ad-4b22-8666-7e850c85e78a}</UniqueIdentifier>
    </Filter>
    <Filter Include="utility">
      <UniqueIdentifier>{04d6f205-e026-4445-a0cf-9c98929ba85d}</UniqueIdentifier>
    </Filter>
  </ItemGroup>
  <ItemGroup>
    <ClInclude Include="header_units\sys_defs.h">
      <Filter>header_units</Filter>
    </ClInclude>
    <ClInclude Include="header_units\sys_defs.hpp">
      <Filter>header_units</Filter>
    </ClInclude>
    <ClInclude Include="header_units\targetver.h">
      <Filter>header_units</Filter>
    </ClInclude>
  </ItemGroup>
  <ItemGroup>
    <ClCompile Include="dynamic_win_api\DynamicWin32Api.ixx">
      <Filter>dynamic_win_api</Filter>
    </ClCompile>
    <ClCompile Include="Common.ixx" />
    <ClCompile Include="utility\Utility.InjectLib.ixx">
      <Filter>utility</Filter>
    </ClCompile>
    <ClCompile Include="utility\Utility.LiteralName.ixx">
      <Filter>utility</Filter>
    </ClCompile>
    <ClCompile Include="utility\Utility.Toolhelp.ixx">
      <Filter>utility</Filter>
    </ClCompile>
    <ClCompile Include="utility\Utility.PEParser.ixx">
      <Filter>utility</Filter>
    </ClCompile>
  </ItemGroup>
</Project>