<?xml version="1.0" encoding="utf-8"?>
<Project ToolsVersion="4.0" xmlns="http://schemas.microsoft.com/developer/msbuild/2003">
  <ItemGroup>
    <Filter Include="src">
      <UniqueIdentifier>{c5b78b12-1845-4a0c-ab4c-3d6ac84bb07a}</UniqueIdentifier>
    </Filter>
  </ItemGroup>
  <ItemGroup>
    <ClCompile Include="dllmain.cpp">
      <Filter>src</Filter>
    </ClCompile>
    <ClCompile Include="LoadSelf.cpp">
      <Filter>src</Filter>
    </ClCompile>
    <ClCompile Include="biz_initializer.cpp">
      <Filter>src</Filter>
    </ClCompile>
  </ItemGroup>
  <ItemGroup>
    <ClInclude Include="biz_initializer.h">
      <Filter>src</Filter>
    </ClInclude>
  </ItemGroup>
</Project>