<?xml version="1.0" encoding="utf-8"?>
<Project ToolsVersion="4.0" xmlns="http://schemas.microsoft.com/developer/msbuild/2003">
  <ItemGroup>
    <Filter Include="src">
      <UniqueIdentifier>{8080b650-21e2-488d-8cda-a053b4fbea8b}</UniqueIdentifier>
    </Filter>
    <Filter Include="res">
      <UniqueIdentifier>{c749b57a-57be-4026-bc38-212a7ebbef5f}</UniqueIdentifier>
    </Filter>
    <Filter Include="src\app">
      <UniqueIdentifier>{d33625a2-b29f-4443-a4ae-437087759324}</UniqueIdentifier>
    </Filter>
    <Filter Include="src\ui">
      <UniqueIdentifier>{bb1f8071-90c2-4638-91dc-bd54f4ec4d1a}</UniqueIdentifier>
    </Filter>
    <Filter Include="src\biz">
      <UniqueIdentifier>{af2a130e-d7cf-4d1b-a8d6-62f2ba6a665b}</UniqueIdentifier>
    </Filter>
    <Filter Include="src\biz\symbols">
      <UniqueIdentifier>{33dae407-75cd-43d2-a3a4-b81e7f265166}</UniqueIdentifier>
    </Filter>
    <Filter Include="src\biz\http">
      <UniqueIdentifier>{edba45d9-9768-4807-baa8-27e78d82b1c7}</UniqueIdentifier>
    </Filter>
    <Filter Include="src\ui\control">
      <UniqueIdentifier>{b19ca715-430d-4a47-adf9-eb5732c917eb}</UniqueIdentifier>
    </Filter>
    <Filter Include="src\ui\page">
      <UniqueIdentifier>{095e2e98-aeb8-4520-8f09-3c4847487ba4}</UniqueIdentifier>
    </Filter>
    <Filter Include="src\ui\control\biz_ctrl">
      <UniqueIdentifier>{89547748-09e1-4c2c-988e-dff53e2d4417}</UniqueIdentifier>
    </Filter>
  </ItemGroup>
  <ItemGroup>
    <Image Include="res\2Box.ico">
      <Filter>res</Filter>
    </Image>
  </ItemGroup>
  <ItemGroup>
    <ResourceCompile Include="res\2Box.rc">
      <Filter>res</Filter>
    </ResourceCompile>
  </ItemGroup>
  <ItemGroup>
    <ClInclude Include="res\resource.h">
      <Filter>res</Filter>
    </ClInclude>
  </ItemGroup>
  <ItemGroup>
    <ClCompile Include="app\MainApp.ixx">
      <Filter>src\app</Filter>
    </ClCompile>
    <ClCompile Include="app\MainApp.cpp">
      <Filter>src\app</Filter>
    </ClCompile>
    <ClCompile Include="ui\UI.WindowBase.cpp">
      <Filter>src\ui</Filter>
    </ClCompile>
    <ClCompile Include="ui\UI.WindowBase.ixx">
      <Filter>src\ui</Filter>
    </ClCompile>
    <ClCompile Include="ui\UI.MainWindow.ixx">
      <Filter>src\ui</Filter>
    </ClCompile>
    <ClCompile Include="ui\UI.MainWindow.cpp">
      <Filter>src\ui</Filter>
    </ClCompile>
    <ClCompile Include="biz\symbols\SymbolLoader.ixx">
      <Filter>src\biz\symbols</Filter>
    </ClCompile>
    <ClCompile Include="biz\http\WinHttp.ixx">
      <Filter>src\biz\http</Filter>
    </ClCompile>
    <ClCompile Include="ui\control\UI.ControlBase.ixx">
      <Filter>src\ui\control</Filter>
    </ClCompile>
    <ClCompile Include="ui\page\UI.MainPage-Home.ixx">
      <Filter>src\ui\page</Filter>
    </ClCompile>
    <ClCompile Include="ui\page\UI.MainPage-Download.ixx">
      <Filter>src\ui\page</Filter>
    </ClCompile>
    <ClCompile Include="ui\page\UI.MainPage.ixx">
      <Filter>src\ui\page</Filter>
    </ClCompile>
    <ClCompile Include="ui\page\UI.MainPage-Define.ixx">
      <Filter>src\ui\page</Filter>
    </ClCompile>
    <ClCompile Include="ui\page\UI.PageBase.ixx">
      <Filter>src\ui\page</Filter>
    </ClCompile>
    <ClCompile Include="ui\control\UI.LoadingIndicator.ixx">
      <Filter>src\ui\control</Filter>
    </ClCompile>
    <ClCompile Include="ui\control\biz_ctrl\UI.FileStatusCtrl.ixx">
      <Filter>src\ui\control\biz_ctrl</Filter>
    </ClCompile>
  </ItemGroup>
  <ItemGroup>
    <None Include="res\embed_dll.rc">
      <Filter>res</Filter>
    </None>
  </ItemGroup>
</Project>